
Microsoft Visual Studio Solution File, Format Version 12.00
# Visual Studio 14
VisualStudioVersion = 14.0.25420.1
MinimumVisualStudioVersion = 10.0.40219.1
Project("{8BC9CEB8-8B4A-11D0-8D11-00A0C91BC942}") = "AMScriptTest", "project\AMScriptTest\AMScriptTest.vcxproj", "{D85CC146-AA25-48B7-916C-57234FA301A8}"
EndProject
Project("{8BC9CEB8-8B4A-11D0-8D11-00A0C91BC942}") = "AutoRun", "project\AutoRun\AutoRun.vcxproj", "{25A8DFF7-F063-4014-959F-7052CDE0CA16}"
EndProject
Project("{8BC9CEB8-8B4A-11D0-8D11-00A0C91BC942}") = "WJHook", "project\WJHook\WJHook.vcxproj", "{68DF56F5-64D5-429D-8BE8-E589ED821721}"
EndProject
Project("{8BC9CEB8-8B4A-11D0-8D11-00A0C91BC942}") = "LOLExtend", "project\ExtendLOL\LOLExtend.vcxproj", "{3227BF11-035C-4779-BCCE-386A363957A2}"
EndProject
Global
	GlobalSection(SolutionConfigurationPlatforms) = preSolution
		Debug|x64 = Debug|x64
		Debug|x86 = Debug|x86
		Release|x64 = Release|x64
		Release|x86 = Release|x86
	EndGlobalSection
	GlobalSection(ProjectConfigurationPlatforms) = postSolution
		{D85CC146-AA25-48B7-916C-57234FA301A8}.Debug|x64.ActiveCfg = Debug|x64
		{D85CC146-AA25-48B7-916C-57234FA301A8}.Debug|x64.Build.0 = Debug|x64
		{D85CC146-AA25-48B7-916C-57234FA301A8}.Debug|x86.ActiveCfg = Debug|Win32
		{D85CC146-AA25-48B7-916C-57234FA301A8}.Debug|x86.Build.0 = Debug|Win32
		{D85CC146-AA25-48B7-916C-57234FA301A8}.Release|x64.ActiveCfg = Release|x64
		{D85CC146-AA25-48B7-916C-57234FA301A8}.Release|x64.Build.0 = Release|x64
		{D85CC146-AA25-48B7-916C-57234FA301A8}.Release|x86.ActiveCfg = Release|Win32
		{D85CC146-AA25-48B7-916C-57234FA301A8}.Release|x86.Build.0 = Release|Win32
		{25A8DFF7-F063-4014-959F-7052CDE0CA16}.Debug|x64.ActiveCfg = Debug|x64
		{25A8DFF7-F063-4014-959F-7052CDE0CA16}.Debug|x64.Build.0 = Debug|x64
		{25A8DFF7-F063-4014-959F-7052CDE0CA16}.Debug|x86.ActiveCfg = Debug|Win32
		{25A8DFF7-F063-4014-959F-7052CDE0CA16}.Debug|x86.Build.0 = Debug|Win32
		{25A8DFF7-F063-4014-959F-7052CDE0CA16}.Release|x64.ActiveCfg = Release|x64
		{25A8DFF7-F063-4014-959F-7052CDE0CA16}.Release|x64.Build.0 = Release|x64
		{25A8DFF7-F063-4014-959F-7052CDE0CA16}.Release|x86.ActiveCfg = Release|Win32
		{25A8DFF7-F063-4014-959F-7052CDE0CA16}.Release|x86.Build.0 = Release|Win32
		{68DF56F5-64D5-429D-8BE8-E589ED821721}.Debug|x64.ActiveCfg = Debug|x64
		{68DF56F5-64D5-429D-8BE8-E589ED821721}.Debug|x64.Build.0 = Debug|x64
		{68DF56F5-64D5-429D-8BE8-E589ED821721}.Debug|x86.ActiveCfg = Debug|Win32
		{68DF56F5-64D5-429D-8BE8-E589ED821721}.Debug|x86.Build.0 = Debug|Win32
		{68DF56F5-64D5-429D-8BE8-E589ED821721}.Release|x64.ActiveCfg = Release|x64
		{68DF56F5-64D5-429D-8BE8-E589ED821721}.Release|x64.Build.0 = Release|x64
		{68DF56F5-64D5-429D-8BE8-E589ED821721}.Release|x86.ActiveCfg = Release|Win32
		{68DF56F5-64D5-429D-8BE8-E589ED821721}.Release|x86.Build.0 = Release|Win32
		{3227BF11-035C-4779-BCCE-386A363957A2}.Debug|x64.ActiveCfg = Debug|Win32
		{3227BF11-035C-4779-BCCE-386A363957A2}.Debug|x86.ActiveCfg = Debug|Win32
		{3227BF11-035C-4779-BCCE-386A363957A2}.Debug|x86.Build.0 = Debug|Win32
		{3227BF11-035C-4779-BCCE-386A363957A2}.Release|x64.ActiveCfg = Release|Win32
		{3227BF11-035C-4779-BCCE-386A363957A2}.Release|x86.ActiveCfg = Release|Win32
		{3227BF11-035C-4779-BCCE-386A363957A2}.Release|x86.Build.0 = Release|Win32
	EndGlobalSection
	GlobalSection(SolutionProperties) = preSolution
		HideSolutionNode = FALSE
	EndGlobalSection
EndGlobal
